
Microsoft Visual Studio Solution File, Format Version 12.00
# Visual Studio Version 17
VisualStudioVersion = 17.0.31903.59
MinimumVisualStudioVersion = 10.0.40219.1
Project("{FAE04EC0-301F-11D3-BF4B-00C04F79EFBC}") = "Lista Enlazada", "Lista Enlazada\Lista Enlazada.csproj", "{CBF85453-C512-4B86-8EA9-19C6DF65058B}"
EndProject
Project("{FAE04EC0-301F-11D3-BF4B-00C04F79EFBC}") = "Console App", "Console App\Console App.csproj", "{C4D0715C-1BF1-4573-A3FD-E88D1547C254}"
EndProject
Project("{FAE04EC0-301F-11D3-BF4B-00C04F79EFBC}") = "Personas", "Personas\Personas.csproj", "{9CEDBB17-0B9B-4B76-898F-AE526E4BDFC6}"
EndProject
Global
	GlobalSection(SolutionConfigurationPlatforms) = preSolution
		Debug|Any CPU = Debug|Any CPU
		Debug|x64 = Debug|x64
		Debug|x86 = Debug|x86
		Release|Any CPU = Release|Any CPU
		Release|x64 = Release|x64
		Release|x86 = Release|x86
	EndGlobalSection
	GlobalSection(ProjectConfigurationPlatforms) = postSolution
		{CBF85453-C512-4B86-8EA9-19C6DF65058B}.Debug|Any CPU.ActiveCfg = Debug|Any CPU
		{CBF85453-C512-4B86-8EA9-19C6DF65058B}.Debug|Any CPU.Build.0 = Debug|Any CPU
		{CBF85453-C512-4B86-8EA9-19C6DF65058B}.Debug|x64.ActiveCfg = Debug|Any CPU
		{CBF85453-C512-4B86-8EA9-19C6DF65058B}.Debug|x64.Build.0 = Debug|Any CPU
		{CBF85453-C512-4B86-8EA9-19C6DF65058B}.Debug|x86.ActiveCfg = Debug|Any CPU
		{CBF85453-C512-4B86-8EA9-19C6DF65058B}.Debug|x86.Build.0 = Debug|Any CPU
		{CBF85453-C512-4B86-8EA9-19C6DF65058B}.Release|Any CPU.ActiveCfg = Release|Any CPU
		{CBF85453-C512-4B86-8EA9-19C6DF65058B}.Release|Any CPU.Build.0 = Release|Any CPU
		{CBF85453-C512-4B86-8EA9-19C6DF65058B}.Release|x64.ActiveCfg = Release|Any CPU
		{CBF85453-C512-4B86-8EA9-19C6DF65058B}.Release|x64.Build.0 = Release|Any CPU
		{CBF85453-C512-4B86-8EA9-19C6DF65058B}.Release|x86.ActiveCfg = Release|Any CPU
		{CBF85453-C512-4B86-8EA9-19C6DF65058B}.Release|x86.Build.0 = Release|Any CPU
		{C4D0715C-1BF1-4573-A3FD-E88D1547C254}.Debug|Any CPU.ActiveCfg = Debug|Any CPU
		{C4D0715C-1BF1-4573-A3FD-E88D1547C254}.Debug|Any CPU.Build.0 = Debug|Any CPU
		{C4D0715C-1BF1-4573-A3FD-E88D1547C254}.Debug|x64.ActiveCfg = Debug|Any CPU
		{C4D0715C-1BF1-4573-A3FD-E88D1547C254}.Debug|x64.Build.0 = Debug|Any CPU
		{C4D0715C-1BF1-4573-A3FD-E88D1547C254}.Debug|x86.ActiveCfg = Debug|Any CPU
		{C4D0715C-1BF1-4573-A3FD-E88D1547C254}.Debug|x86.Build.0 = Debug|Any CPU
		{C4D0715C-1BF1-4573-A3FD-E88D1547C254}.Release|Any CPU.ActiveCfg = Release|Any CPU
		{C4D0715C-1BF1-4573-A3FD-E88D1547C254}.Release|Any CPU.Build.0 = Release|Any CPU
		{C4D0715C-1BF1-4573-A3FD-E88D1547C254}.Release|x64.ActiveCfg = Release|Any CPU
		{C4D0715C-1BF1-4573-A3FD-E88D1547C254}.Release|x64.Build.0 = Release|Any CPU
		{C4D0715C-1BF1-4573-A3FD-E88D1547C254}.Release|x86.ActiveCfg = Release|Any CPU
		{C4D0715C-1BF1-4573-A3FD-E88D1547C254}.Release|x86.Build.0 = Release|Any CPU
		{9CEDBB17-0B9B-4B76-898F-AE526E4BDFC6}.Debug|Any CPU.ActiveCfg = Debug|Any CPU
		{9CEDBB17-0B9B-4B76-898F-AE526E4BDFC6}.Debug|Any CPU.Build.0 = Debug|Any CPU
		{9CEDBB17-0B9B-4B76-898F-AE526E4BDFC6}.Debug|x64.ActiveCfg = Debug|Any CPU
		{9CEDBB17-0B9B-4B76-898F-AE526E4BDFC6}.Debug|x64.Build.0 = Debug|Any CPU
		{9CEDBB17-0B9B-4B76-898F-AE526E4BDFC6}.Debug|x86.ActiveCfg = Debug|Any CPU
		{9CEDBB17-0B9B-4B76-898F-AE526E4BDFC6}.Debug|x86.Build.0 = Debug|Any CPU
		{9CEDBB17-0B9B-4B76-898F-AE526E4BDFC6}.Release|Any CPU.ActiveCfg = Release|Any CPU
		{9CEDBB17-0B9B-4B76-898F-AE526E4BDFC6}.Release|Any CPU.Build.0 = Release|Any CPU
		{9CEDBB17-0B9B-4B76-898F-AE526E4BDFC6}.Release|x64.ActiveCfg = Release|Any CPU
		{9CEDBB17-0B9B-4B76-898F-AE526E4BDFC6}.Release|x64.Build.0 = Release|Any CPU
		{9CEDBB17-0B9B-4B76-898F-AE526E4BDFC6}.Release|x86.ActiveCfg = Release|Any CPU
		{9CEDBB17-0B9B-4B76-898F-AE526E4BDFC6}.Release|x86.Build.0 = Release|Any CPU
	EndGlobalSection
	GlobalSection(SolutionProperties) = preSolution
		HideSolutionNode = FALSE
	EndGlobalSection
EndGlobal
